
Microsoft Visual Studio Solution File, Format Version 12.00
# Visual Studio Version 16
VisualStudioVersion = 16.0.30204.135
MinimumVisualStudioVersion = 10.0.40219.1
Project("{FAE04EC0-301F-11D3-BF4B-00C04F79EFBC}") = "prac1_deepthi", "prac1_deepthi.csproj", "{A9724C95-1011-4F55-A954-AFB71374F986}"
EndProject
Global
	GlobalSection(SolutionConfigurationPlatforms) = preSolution
		Debug|Any CPU = Debug|Any CPU
		Release|Any CPU = Release|Any CPU
	EndGlobalSection
	GlobalSection(ProjectConfigurationPlatforms) = postSolution
		{A9724C95-1011-4F55-A954-AFB71374F986}.Debug|Any CPU.ActiveCfg = Debug|Any CPU
		{A9724C95-1011-4F55-A954-AFB71374F986}.Debug|Any CPU.Build.0 = Debug|Any CPU
		{A9724C95-1011-4F55-A954-AFB71374F986}.Release|Any CPU.ActiveCfg = Release|Any CPU
		{A9724C95-1011-4F55-A954-AFB71374F986}.Release|Any CPU.Build.0 = Release|Any CPU
	EndGlobalSection
	GlobalSection(SolutionProperties) = preSolution
		HideSolutionNode = FALSE
	EndGlobalSection
	GlobalSection(ExtensibilityGlobals) = postSolution
		SolutionGuid = {F7B54357-3225-42F8-BFE0-4EC074DCB06A}
	EndGlobalSection
EndGlobal
